// !$*UTF8*$!
{
	archiveVersion = 1;
	classes = {
	};
	objectVersion = 77;
	objects = {

/* Begin PBXBuildFile section */
		FF1F83E72DE9A0CC00FCA552 /* Alamofire in Frameworks */ = {isa = PBXBuildFile; productRef = FF1F83E62DE9A0CC00FCA552 /* Alamofire */; };
		FF1F83EA2DE9A17900FCA552 /* RealmSwift in Frameworks */ = {isa = PBXBuildFile; productRef = FF1F83E92DE9A17900FCA552 /* RealmSwift */; };
		FF1F84C02DEB130200FCA552 /* YouTubePlayerKit in Frameworks */ = {isa = PBXBuildFile; productRef = FF1F84BF2DEB130200FCA552 /* YouTubePlayerKit */; };
/* End PBXBuildFile section */

/* Begin PBXContainerItemProxy section */
		FF1F83052DE998EA00FCA552 /* PBXContainerItemProxy */ = {
			isa = PBXContainerItemProxy;
			containerPortal = FF1F82EA2DE998E700FCA552 /* Project object */;
			proxyType = 1;
			remoteGlobalIDString = FF1F82F12DE998E700FCA552;
			remoteInfo = "movida-app";
		};
		FF1F830F2DE998EA00FCA552 /* PBXContainerItemProxy */ = {
			isa = PBXContainerItemProxy;
			containerPortal = FF1F82EA2DE998E700FCA552 /* Project object */;
			proxyType = 1;
			remoteGlobalIDString = FF1F82F12DE998E700FCA552;
			remoteInfo = "movida-app";
		};
/* End PBXContainerItemProxy section */

/* Begin PBXFileReference section */
		FF1F82F22DE998E700FCA552 /* movida-app.app */ = {isa = PBXFileReference; explicitFileType = wrapper.application; includeInIndex = 0; path = "movida-app.app"; sourceTree = BUILT_PRODUCTS_DIR; };
		FF1F83042DE998EA00FCA552 /* movida-appTests.xctest */ = {isa = PBXFileReference; explicitFileType = wrapper.cfbundle; includeInIndex = 0; path = "movida-appTests.xctest"; sourceTree = BUILT_PRODUCTS_DIR; };
		FF1F830E2DE998EA00FCA552 /* movida-appUITests.xctest */ = {isa = PBXFileReference; explicitFileType = wrapper.cfbundle; includeInIndex = 0; path = "movida-appUITests.xctest"; sourceTree = BUILT_PRODUCTS_DIR; };
/* End PBXFileReference section */

/* Begin PBXFileSystemSynchronizedRootGroup section */
		FF1F82F42DE998E700FCA552 /* movida-app */ = {
			isa = PBXFileSystemSynchronizedRootGroup;
			path = "movida-app";
			sourceTree = "<group>";
		};
/* End PBXFileSystemSynchronizedRootGroup section */

/* Begin PBXFrameworksBuildPhase section */
		FF1F82EF2DE998E700FCA552 /* Frameworks */ = {
			isa = PBXFrameworksBuildPhase;
			buildActionMask = 2147483647;
			files = (
				FF1F83EA2DE9A17900FCA552 /* RealmSwift in Frameworks */,
				FF1F83E72DE9A0CC00FCA552 /* Alamofire in Frameworks */,
				FF1F84C02DEB130200FCA552 /* YouTubePlayerKit in Frameworks */,
			);
			runOnlyForDeploymentPostprocessing = 0;
		};
		FF1F83012DE998EA00FCA552 /* Frameworks */ = {
			isa = PBXFrameworksBuildPhase;
			buildActionMask = 2147483647;
			files = (
			);
			runOnlyForDeploymentPostprocessing = 0;
		};
		FF1F830B2DE998EA00FCA552 /* Frameworks */ = {
			isa = PBXFrameworksBuildPhase;
			buildActionMask = 2147483647;
			files = (
			);
			runOnlyForDeploymentPostprocessing = 0;
		};
/* End PBXFrameworksBuildPhase section */

/* Begin PBXGroup section */
		FF1F82E92DE998E700FCA552 = {
			isa = PBXGroup;
			children = (
				FF1F82F42DE998E700FCA552 /* movida-app */,
				FF1F82F32DE998E700FCA552 /* Products */,
			);
			sourceTree = "<group>";
		};
		FF1F82F32DE998E700FCA552 /* Products */ = {
			isa = PBXGroup;
			children = (
				FF1F82F22DE998E700FCA552 /* movida-app.app */,
				FF1F83042DE998EA00FCA552 /* movida-appTests.xctest */,
				FF1F830E2DE998EA00FCA552 /* movida-appUITests.xctest */,
			);
			name = Products;
			sourceTree = "<group>";
		};
/* End PBXGroup section */

/* Begin PBXNativeTarget section */
		FF1F82F12DE998E700FCA552 /* movida-app */ = {
			isa = PBXNativeTarget;
			buildConfigurationList = FF1F83182DE998EA00FCA552 /* Build configuration list for PBXNativeTarget "movida-app" */;
			buildPhases = (
				FF1F82EE2DE998E700FCA552 /* Sources */,
				FF1F82EF2DE998E700FCA552 /* Frameworks */,
				FF1F82F02DE998E700FCA552 /* Resources */,
			);
			buildRules = (
			);
			dependencies = (
			);
			fileSystemSynchronizedGroups = (
				FF1F82F42DE998E700FCA552 /* movida-app */,
			);
			name = "movida-app";
			packageProductDependencies = (
				FF1F83E62DE9A0CC00FCA552 /* Alamofire */,
				FF1F83E92DE9A17900FCA552 /* RealmSwift */,
				FF1F84BF2DEB130200FCA552 /* YouTubePlayerKit */,
			);
			productName = "movida-app";
			productReference = FF1F82F22DE998E700FCA552 /* movida-app.app */;
			productType = "com.apple.product-type.application";
		};
		FF1F83032DE998EA00FCA552 /* movida-appTests */ = {
			isa = PBXNativeTarget;
			buildConfigurationList = FF1F831B2DE998EA00FCA552 /* Build configuration list for PBXNativeTarget "movida-appTests" */;
			buildPhases = (
				FF1F83002DE998EA00FCA552 /* Sources */,
				FF1F83012DE998EA00FCA552 /* Frameworks */,
				FF1F83022DE998EA00FCA552 /* Resources */,
			);
			buildRules = (
			);
			dependencies = (
				FF1F83062DE998EA00FCA552 /* PBXTargetDependency */,
			);
			name = "movida-appTests";
			packageProductDependencies = (
			);
			productName = "movida-appTests";
			productReference = FF1F83042DE998EA00FCA552 /* movida-appTests.xctest */;
			productType = "com.apple.product-type.bundle.unit-test";
		};
		FF1F830D2DE998EA00FCA552 /* movida-appUITests */ = {
			isa = PBXNativeTarget;
			buildConfigurationList = FF1F831E2DE998EA00FCA552 /* Build configuration list for PBXNativeTarget "movida-appUITests" */;
			buildPhases = (
				FF1F830A2DE998EA00FCA552 /* Sources */,
				FF1F830B2DE998EA00FCA552 /* Frameworks */,
				FF1F830C2DE998EA00FCA552 /* Resources */,
			);
			buildRules = (
			);
			dependencies = (
				FF1F83102DE998EA00FCA552 /* PBXTargetDependency */,
			);
			name = "movida-appUITests";
			packageProductDependencies = (
			);
			productName = "movida-appUITests";
			productReference = FF1F830E2DE998EA00FCA552 /* movida-appUITests.xctest */;
			productType = "com.apple.product-type.bundle.ui-testing";
		};
/* End PBXNativeTarget section */

/* Begin PBXProject section */
		FF1F82EA2DE998E700FCA552 /* Project object */ = {
			isa = PBXProject;
			attributes = {
				BuildIndependentTargetsInParallel = 1;
				LastSwiftUpdateCheck = 1620;
				LastUpgradeCheck = 1620;
				TargetAttributes = {
					FF1F82F12DE998E700FCA552 = {
						CreatedOnToolsVersion = 16.2;
					};
					FF1F83032DE998EA00FCA552 = {
						CreatedOnToolsVersion = 16.2;
						TestTargetID = FF1F82F12DE998E700FCA552;
					};
					FF1F830D2DE998EA00FCA552 = {
						CreatedOnToolsVersion = 16.2;
						TestTargetID = FF1F82F12DE998E700FCA552;
					};
				};
			};
			buildConfigurationList = FF1F82ED2DE998E700FCA552 /* Build configuration list for PBXProject "movida-app" */;
			developmentRegion = en;
			hasScannedForEncodings = 0;
			knownRegions = (
				en,
				Base,
			);
			mainGroup = FF1F82E92DE998E700FCA552;
			minimizedProjectReferenceProxies = 1;
			packageReferences = (
				FF1F83E52DE9A0CC00FCA552 /* XCRemoteSwiftPackageReference "Alamofire" */,
				FF1F83E82DE9A17900FCA552 /* XCRemoteSwiftPackageReference "realm-swift" */,
				FF1F84BE2DEB130200FCA552 /* XCRemoteSwiftPackageReference "YouTubePlayerKit" */,
			);
			preferredProjectObjectVersion = 77;
			productRefGroup = FF1F82F32DE998E700FCA552 /* Products */;
			projectDirPath = "";
			projectRoot = "";
			targets = (
				FF1F82F12DE998E700FCA552 /* movida-app */,
				FF1F83032DE998EA00FCA552 /* movida-appTests */,
				FF1F830D2DE998EA00FCA552 /* movida-appUITests */,
			);
		};
/* End PBXProject section */

/* Begin PBXResourcesBuildPhase section */
		FF1F82F02DE998E700FCA552 /* Resources */ = {
			isa = PBXResourcesBuildPhase;
			buildActionMask = 2147483647;
			files = (
			);
			runOnlyForDeploymentPostprocessing = 0;
		};
		FF1F83022DE998EA00FCA552 /* Resources */ = {
			isa = PBXResourcesBuildPhase;
			buildActionMask = 2147483647;
			files = (
			);
			runOnlyForDeploymentPostprocessing = 0;
		};
		FF1F830C2DE998EA00FCA552 /* Resources */ = {
			isa = PBXResourcesBuildPhase;
			buildActionMask = 2147483647;
			files = (
			);
			runOnlyForDeploymentPostprocessing = 0;
		};
/* End PBXResourcesBuildPhase section */

/* Begin PBXSourcesBuildPhase section */
		FF1F82EE2DE998E700FCA552 /* Sources */ = {
			isa = PBXSourcesBuildPhase;
			buildActionMask = 2147483647;
			files = (
			);
			runOnlyForDeploymentPostprocessing = 0;
		};
		FF1F83002DE998EA00FCA552 /* Sources */ = {
			isa = PBXSourcesBuildPhase;
			buildActionMask = 2147483647;
			files = (
			);
			runOnlyForDeploymentPostprocessing = 0;
		};
		FF1F830A2DE998EA00FCA552 /* Sources */ = {
			isa = PBXSourcesBuildPhase;
			buildActionMask = 2147483647;
			files = (
			);
			runOnlyForDeploymentPostprocessing = 0;
		};
/* End PBXSourcesBuildPhase section */

/* Begin PBXTargetDependency section */
		FF1F83062DE998EA00FCA552 /* PBXTargetDependency */ = {
			isa = PBXTargetDependency;
			target = FF1F82F12DE998E700FCA552 /* movida-app */;
			targetProxy = FF1F83052DE998EA00FCA552 /* PBXContainerItemProxy */;
		};
		FF1F83102DE998EA00FCA552 /* PBXTargetDependency */ = {
			isa = PBXTargetDependency;
			target = FF1F82F12DE998E700FCA552 /* movida-app */;
			targetProxy = FF1F830F2DE998EA00FCA552 /* PBXContainerItemProxy */;
		};
/* End PBXTargetDependency section */

/* Begin XCBuildConfiguration section */
		FF1F83162DE998EA00FCA552 /* Debug */ = {
			isa = XCBuildConfiguration;
			buildSettings = {
				ALWAYS_SEARCH_USER_PATHS = NO;
				ASSETCATALOG_COMPILER_GENERATE_SWIFT_ASSET_SYMBOL_EXTENSIONS = YES;
				CLANG_ANALYZER_NONNULL = YES;
				CLANG_ANALYZER_NUMBER_OBJECT_CONVERSION = YES_AGGRESSIVE;
				CLANG_CXX_LANGUAGE_STANDARD = "gnu++20";
				CLANG_ENABLE_MODULES = YES;
				CLANG_ENABLE_OBJC_ARC = YES;
				CLANG_ENABLE_OBJC_WEAK = YES;
				CLANG_WARN_BLOCK_CAPTURE_AUTORELEASING = YES;
				CLANG_WARN_BOOL_CONVERSION = YES;
				CLANG_WARN_COMMA = YES;
				CLANG_WARN_CONSTANT_CONVERSION = YES;
				CLANG_WARN_DEPRECATED_OBJC_IMPLEMENTATIONS = YES;
				CLANG_WARN_DIRECT_OBJC_ISA_USAGE = YES_ERROR;
				CLANG_WARN_DOCUMENTATION_COMMENTS = YES;
				CLANG_WARN_EMPTY_BODY = YES;
				CLANG_WARN_ENUM_CONVERSION = YES;
				CLANG_WARN_INFINITE_RECURSION = YES;
				CLANG_WARN_INT_CONVERSION = YES;
				CLANG_WARN_NON_LITERAL_NULL_CONVERSION = YES;
				CLANG_WARN_OBJC_IMPLICIT_RETAIN_SELF = YES;
				CLANG_WARN_OBJC_LITERAL_CONVERSION = YES;
				CLANG_WARN_OBJC_ROOT_CLASS = YES_ERROR;
				CLANG_WARN_QUOTED_INCLUDE_IN_FRAMEWORK_HEADER = YES;
				CLANG_WARN_RANGE_LOOP_ANALYSIS = YES;
				CLANG_WARN_STRICT_PROTOTYPES = YES;
				CLANG_WARN_SUSPICIOUS_MOVE = YES;
				CLANG_WARN_UNGUARDED_AVAILABILITY = YES_AGGRESSIVE;
				CLANG_WARN_UNREACHABLE_CODE = YES;
				CLANG_WARN__DUPLICATE_METHOD_MATCH = YES;
				COPY_PHASE_STRIP = NO;
				DEBUG_INFORMATION_FORMAT = dwarf;
				ENABLE_STRICT_OBJC_MSGSEND = YES;
				ENABLE_TESTABILITY = YES;
				ENABLE_USER_SCRIPT_SANDBOXING = YES;
				GCC_C_LANGUAGE_STANDARD = gnu17;
				GCC_DYNAMIC_NO_PIC = NO;
				GCC_NO_COMMON_BLOCKS = YES;
				GCC_OPTIMIZATION_LEVEL = 0;
				GCC_PREPROCESSOR_DEFINITIONS = (
					"DEBUG=1",
					"$(inherited)",
				);
				GCC_WARN_64_TO_32_BIT_CONVERSION = YES;
				GCC_WARN_ABOUT_RETURN_TYPE = YES_ERROR;
				GCC_WARN_UNDECLARED_SELECTOR = YES;
				GCC_WARN_UNINITIALIZED_AUTOS = YES_AGGRESSIVE;
				GCC_WARN_UNUSED_FUNCTION = YES;
				GCC_WARN_UNUSED_VARIABLE = YES;
				IPHONEOS_DEPLOYMENT_TARGET = 18.2;
				LOCALIZATION_PREFERS_STRING_CATALOGS = YES;
				MTL_ENABLE_DEBUG_INFO = INCLUDE_SOURCE;
				MTL_FAST_MATH = YES;
				ONLY_ACTIVE_ARCH = YES;
				SDKROOT = iphoneos;
				SWIFT_ACTIVE_COMPILATION_CONDITIONS = "DEBUG $(inherited)";
				SWIFT_OPTIMIZATION_LEVEL = "-Onone";
			};
			name = Debug;
		};
		FF1F83172DE998EA00FCA552 /* Release */ = {
			isa = XCBuildConfiguration;
			buildSettings = {
				ALWAYS_SEARCH_USER_PATHS = NO;
				ASSETCATALOG_COMPILER_GENERATE_SWIFT_ASSET_SYMBOL_EXTENSIONS = YES;
				CLANG_ANALYZER_NONNULL = YES;
				CLANG_ANALYZER_NUMBER_OBJECT_CONVERSION = YES_AGGRESSIVE;
				CLANG_CXX_LANGUAGE_STANDARD = "gnu++20";
				CLANG_ENABLE_MODULES = YES;
				CLANG_ENABLE_OBJC_ARC = YES;
				CLANG_ENABLE_OBJC_WEAK = YES;
				CLANG_WARN_BLOCK_CAPTURE_AUTORELEASING = YES;
				CLANG_WARN_BOOL_CONVERSION = YES;
				CLANG_WARN_COMMA = YES;
				CLANG_WARN_CONSTANT_CONVERSION = YES;
				CLANG_WARN_DEPRECATED_OBJC_IMPLEMENTATIONS = YES;
				CLANG_WARN_DIRECT_OBJC_ISA_USAGE = YES_ERROR;
				CLANG_WARN_DOCUMENTATION_COMMENTS = YES;
				CLANG_WARN_EMPTY_BODY = YES;
				CLANG_WARN_ENUM_CONVERSION = YES;
				CLANG_WARN_INFINITE_RECURSION = YES;
				CLANG_WARN_INT_CONVERSION = YES;
				CLANG_WARN_NON_LITERAL_NULL_CONVERSION = YES;
				CLANG_WARN_OBJC_IMPLICIT_RETAIN_SELF = YES;
				CLANG_WARN_OBJC_LITERAL_CONVERSION = YES;
				CLANG_WARN_OBJC_ROOT_CLASS = YES_ERROR;
				CLANG_WARN_QUOTED_INCLUDE_IN_FRAMEWORK_HEADER = YES;
				CLANG_WARN_RANGE_LOOP_ANALYSIS = YES;
				CLANG_WARN_STRICT_PROTOTYPES = YES;
				CLANG_WARN_SUSPICIOUS_MOVE = YES;
				CLANG_WARN_UNGUARDED_AVAILABILITY = YES_AGGRESSIVE;
				CLANG_WARN_UNREACHABLE_CODE = YES;
				CLANG_WARN__DUPLICATE_METHOD_MATCH = YES;
				COPY_PHASE_STRIP = NO;
				DEBUG_INFORMATION_FORMAT = "dwarf-with-dsym";
				ENABLE_NS_ASSERTIONS = NO;
				ENABLE_STRICT_OBJC_MSGSEND = YES;
				ENABLE_USER_SCRIPT_SANDBOXING = YES;
				GCC_C_LANGUAGE_STANDARD = gnu17;
				GCC_NO_COMMON_BLOCKS = YES;
				GCC_WARN_64_TO_32_BIT_CONVERSION = YES;
				GCC_WARN_ABOUT_RETURN_TYPE = YES_ERROR;
				GCC_WARN_UNDECLARED_SELECTOR = YES;
				GCC_WARN_UNINITIALIZED_AUTOS = YES_AGGRESSIVE;
				GCC_WARN_UNUSED_FUNCTION = YES;
				GCC_WARN_UNUSED_VARIABLE = YES;
				IPHONEOS_DEPLOYMENT_TARGET = 18.2;
				LOCALIZATION_PREFERS_STRING_CATALOGS = YES;
				MTL_ENABLE_DEBUG_INFO = NO;
				MTL_FAST_MATH = YES;
				SDKROOT = iphoneos;
				SWIFT_COMPILATION_MODE = wholemodule;
				VALIDATE_PRODUCT = YES;
			};
			name = Release;
		};
		FF1F83192DE998EA00FCA552 /* Debug */ = {
			isa = XCBuildConfiguration;
			buildSettings = {
				ASSETCATALOG_COMPILER_APPICON_NAME = AppIcon;
				ASSETCATALOG_COMPILER_GLOBAL_ACCENT_COLOR_NAME = AccentColor;
				CODE_SIGN_STYLE = Automatic;
				CURRENT_PROJECT_VERSION = 1;
				DEVELOPMENT_ASSET_PATHS = "\"movida-app/Preview Content\"";
				DEVELOPMENT_TEAM = Q6ZHR7WWAY;
				ENABLE_PREVIEWS = YES;
				GENERATE_INFOPLIST_FILE = YES;
				INFOPLIST_KEY_UIApplicationSceneManifest_Generation = YES;
				INFOPLIST_KEY_UIApplicationSupportsIndirectInputEvents = YES;
				INFOPLIST_KEY_UILaunchScreen_Generation = YES;
				INFOPLIST_KEY_UISupportedInterfaceOrientations_iPad = "UIInterfaceOrientationPortrait UIInterfaceOrientationPortraitUpsideDown UIInterfaceOrientationLandscapeLeft UIInterfaceOrientationLandscapeRight";
				INFOPLIST_KEY_UISupportedInterfaceOrientations_iPhone = "UIInterfaceOrientationPortrait UIInterfaceOrientationLandscapeLeft UIInterfaceOrientationLandscapeRight";
				LD_RUNPATH_SEARCH_PATHS = (
					"$(inherited)",
					"@executable_path/Frameworks",
				);
				MARKETING_VERSION = 1.0;
				PRODUCT_BUNDLE_IDENTIFIER = "id.bagussubagja.movida-app";
				PRODUCT_NAME = "$(TARGET_NAME)";
				SWIFT_EMIT_LOC_STRINGS = YES;
				SWIFT_VERSION = 5.0;
				TARGETED_DEVICE_FAMILY = "1,2";
			};
			name = Debug;
		};
		FF1F831A2DE998EA00FCA552 /* Release */ = {
			isa = XCBuildConfiguration;
			buildSettings = {
				ASSETCATALOG_COMPILER_APPICON_NAME = AppIcon;
				ASSETCATALOG_COMPILER_GLOBAL_ACCENT_COLOR_NAME = AccentColor;
				CODE_SIGN_STYLE = Automatic;
				CURRENT_PROJECT_VERSION = 1;
				DEVELOPMENT_ASSET_PATHS = "\"movida-app/Preview Content\"";
				DEVELOPMENT_TEAM = Q6ZHR7WWAY;
				ENABLE_PREVIEWS = YES;
				GENERATE_INFOPLIST_FILE = YES;
				INFOPLIST_KEY_UIApplicationSceneManifest_Generation = YES;
				INFOPLIST_KEY_UIApplicationSupportsIndirectInputEvents = YES;
				INFOPLIST_KEY_UILaunchScreen_Generation = YES;
				INFOPLIST_KEY_UISupportedInterfaceOrientations_iPad = "UIInterfaceOrientationPortrait UIInterfaceOrientationPortraitUpsideDown UIInterfaceOrientationLandscapeLeft UIInterfaceOrientationLandscapeRight";
				INFOPLIST_KEY_UISupportedInterfaceOrientations_iPhone = "UIInterfaceOrientationPortrait UIInterfaceOrientationLandscapeLeft UIInterfaceOrientationLandscapeRight";
				LD_RUNPATH_SEARCH_PATHS = (
					"$(inherited)",
					"@executable_path/Frameworks",
				);
				MARKETING_VERSION = 1.0;
				PRODUCT_BUNDLE_IDENTIFIER = "id.bagussubagja.movida-app";
				PRODUCT_NAME = "$(TARGET_NAME)";
				SWIFT_EMIT_LOC_STRINGS = YES;
				SWIFT_VERSION = 5.0;
				TARGETED_DEVICE_FAMILY = "1,2";
			};
			name = Release;
		};
		FF1F831C2DE998EA00FCA552 /* Debug */ = {
			isa = XCBuildConfiguration;
			buildSettings = {
				BUNDLE_LOADER = "$(TEST_HOST)";
				CODE_SIGN_STYLE = Automatic;
				CURRENT_PROJECT_VERSION = 1;
				DEVELOPMENT_TEAM = Q6ZHR7WWAY;
				GENERATE_INFOPLIST_FILE = YES;
				IPHONEOS_DEPLOYMENT_TARGET = 18.2;
				MARKETING_VERSION = 1.0;
				PRODUCT_BUNDLE_IDENTIFIER = "id.bagussubagja.movida-appTests";
				PRODUCT_NAME = "$(TARGET_NAME)";
				SWIFT_EMIT_LOC_STRINGS = NO;
				SWIFT_VERSION = 5.0;
				TARGETED_DEVICE_FAMILY = "1,2";
				TEST_HOST = "$(BUILT_PRODUCTS_DIR)/movida-app.app/$(BUNDLE_EXECUTABLE_FOLDER_PATH)/movida-app";
			};
			name = Debug;
		};
		FF1F831D2DE998EA00FCA552 /* Release */ = {
			isa = XCBuildConfiguration;
			buildSettings = {
				BUNDLE_LOADER = "$(TEST_HOST)";
				CODE_SIGN_STYLE = Automatic;
				CURRENT_PROJECT_VERSION = 1;
				DEVELOPMENT_TEAM = Q6ZHR7WWAY;
				GENERATE_INFOPLIST_FILE = YES;
				IPHONEOS_DEPLOYMENT_TARGET = 18.2;
				MARKETING_VERSION = 1.0;
				PRODUCT_BUNDLE_IDENTIFIER = "id.bagussubagja.movida-appTests";
				PRODUCT_NAME = "$(TARGET_NAME)";
				SWIFT_EMIT_LOC_STRINGS = NO;
				SWIFT_VERSION = 5.0;
				TARGETED_DEVICE_FAMILY = "1,2";
				TEST_HOST = "$(BUILT_PRODUCTS_DIR)/movida-app.app/$(BUNDLE_EXECUTABLE_FOLDER_PATH)/movida-app";
			};
			name = Release;
		};
		FF1F831F2DE998EA00FCA552 /* Debug */ = {
			isa = XCBuildConfiguration;
			buildSettings = {
				CODE_SIGN_STYLE = Automatic;
				CURRENT_PROJECT_VERSION = 1;
				DEVELOPMENT_TEAM = Q6ZHR7WWAY;
				GENERATE_INFOPLIST_FILE = YES;
				MARKETING_VERSION = 1.0;
				PRODUCT_BUNDLE_IDENTIFIER = "id.bagussubagja.movida-appUITests";
				PRODUCT_NAME = "$(TARGET_NAME)";
				SWIFT_EMIT_LOC_STRINGS = NO;
				SWIFT_VERSION = 5.0;
				TARGETED_DEVICE_FAMILY = "1,2";
				TEST_TARGET_NAME = "movida-app";
			};
			name = Debug;
		};
		FF1F83202DE998EA00FCA552 /* Release */ = {
			isa = XCBuildConfiguration;
			buildSettings = {
				CODE_SIGN_STYLE = Automatic;
				CURRENT_PROJECT_VERSION = 1;
				DEVELOPMENT_TEAM = Q6ZHR7WWAY;
				GENERATE_INFOPLIST_FILE = YES;
				MARKETING_VERSION = 1.0;
				PRODUCT_BUNDLE_IDENTIFIER = "id.bagussubagja.movida-appUITests";
				PRODUCT_NAME = "$(TARGET_NAME)";
				SWIFT_EMIT_LOC_STRINGS = NO;
				SWIFT_VERSION = 5.0;
				TARGETED_DEVICE_FAMILY = "1,2";
				TEST_TARGET_NAME = "movida-app";
			};
			name = Release;
		};
/* End XCBuildConfiguration section */

/* Begin XCConfigurationList section */
		FF1F82ED2DE998E700FCA552 /* Build configuration list for PBXProject "movida-app" */ = {
			isa = XCConfigurationList;
			buildConfigurations = (
				FF1F83162DE998EA00FCA552 /* Debug */,
				FF1F83172DE998EA00FCA552 /* Release */,
			);
			defaultConfigurationIsVisible = 0;
			defaultConfigurationName = Release;
		};
		FF1F83182DE998EA00FCA552 /* Build configuration list for PBXNativeTarget "movida-app" */ = {
			isa = XCConfigurationList;
			buildConfigurations = (
				FF1F83192DE998EA00FCA552 /* Debug */,
				FF1F831A2DE998EA00FCA552 /* Release */,
			);
			defaultConfigurationIsVisible = 0;
			defaultConfigurationName = Release;
		};
		FF1F831B2DE998EA00FCA552 /* Build configuration list for PBXNativeTarget "movida-appTests" */ = {
			isa = XCConfigurationList;
			buildConfigurations = (
				FF1F831C2DE998EA00FCA552 /* Debug */,
				FF1F831D2DE998EA00FCA552 /* Release */,
			);
			defaultConfigurationIsVisible = 0;
			defaultConfigurationName = Release;
		};
		FF1F831E2DE998EA00FCA552 /* Build configuration list for PBXNativeTarget "movida-appUITests" */ = {
			isa = XCConfigurationList;
			buildConfigurations = (
				FF1F831F2DE998EA00FCA552 /* Debug */,
				FF1F83202DE998EA00FCA552 /* Release */,
			);
			defaultConfigurationIsVisible = 0;
			defaultConfigurationName = Release;
		};
/* End XCConfigurationList section */

/* Begin XCRemoteSwiftPackageReference section */
		FF1F83E52DE9A0CC00FCA552 /* XCRemoteSwiftPackageReference "Alamofire" */ = {
			isa = XCRemoteSwiftPackageReference;
			repositoryURL = "https://github.com/Alamofire/Alamofire.git";
			requirement = {
				kind = upToNextMajorVersion;
				minimumVersion = 5.10.2;
			};
		};
		FF1F83E82DE9A17900FCA552 /* XCRemoteSwiftPackageReference "realm-swift" */ = {
			isa = XCRemoteSwiftPackageReference;
			repositoryURL = "https://github.com/realm/realm-swift.git";
			requirement = {
				branch = master;
				kind = branch;
			};
		};
		FF1F84BE2DEB130200FCA552 /* XCRemoteSwiftPackageReference "YouTubePlayerKit" */ = {
			isa = XCRemoteSwiftPackageReference;
			repositoryURL = "https://github.com/SvenTiigi/YouTubePlayerKit.git";
			requirement = {
				kind = upToNextMajorVersion;
				minimumVersion = 2.0.0;
			};
		};
/* End XCRemoteSwiftPackageReference section */

/* Begin XCSwiftPackageProductDependency section */
		FF1F83E62DE9A0CC00FCA552 /* Alamofire */ = {
			isa = XCSwiftPackageProductDependency;
			package = FF1F83E52DE9A0CC00FCA552 /* XCRemoteSwiftPackageReference "Alamofire" */;
			productName = Alamofire;
		};
		FF1F83E92DE9A17900FCA552 /* RealmSwift */ = {
			isa = XCSwiftPackageProductDependency;
			package = FF1F83E82DE9A17900FCA552 /* XCRemoteSwiftPackageReference "realm-swift" */;
			productName = RealmSwift;
		};
		FF1F84BF2DEB130200FCA552 /* YouTubePlayerKit */ = {
			isa = XCSwiftPackageProductDependency;
			package = FF1F84BE2DEB130200FCA552 /* XCRemoteSwiftPackageReference "YouTubePlayerKit" */;
			productName = YouTubePlayerKit;
		};
/* End XCSwiftPackageProductDependency section */
	};
	rootObject = FF1F82EA2DE998E700FCA552 /* Project object */;
}
